
Microsoft Visual Studio Solution File, Format Version 12.00
# Visual Studio 15
VisualStudioVersion = 15.0.27004.2005
MinimumVisualStudioVersion = 10.0.40219.1
Project("{2150E333-8FDC-42A3-9474-1A3956D46DE8}") = "Solution Items", "Solution Items", "{4BA94ABC-9F03-4196-BCBD-F662F454C4EE}"
	ProjectSection(SolutionItems) = preProject
		FlowsoftGamesMonogame.nuspec = FlowsoftGamesMonogame.nuspec
	EndProjectSection
EndProject
Project("{FAE04EC0-301F-11D3-BF4B-00C04F79EFBC}") = "FlowsoftGamesMonogame", "FlowsoftGamesMonogame\FlowsoftGamesMonogame.csproj", "{348CD09E-D912-4FDF-A26B-B4CEA9809CB2}"
EndProject
Global
	GlobalSection(SolutionConfigurationPlatforms) = preSolution
		Debug|Any CPU = Debug|Any CPU
		Debug|x86 = Debug|x86
		Release|Any CPU = Release|Any CPU
		Release|x86 = Release|x86
	EndGlobalSection
	GlobalSection(ProjectConfigurationPlatforms) = postSolution
		{348CD09E-D912-4FDF-A26B-B4CEA9809CB2}.Debug|Any CPU.ActiveCfg = Debug|Any CPU
		{348CD09E-D912-4FDF-A26B-B4CEA9809CB2}.Debug|Any CPU.Build.0 = Debug|Any CPU
		{348CD09E-D912-4FDF-A26B-B4CEA9809CB2}.Debug|x86.ActiveCfg = Debug|Any CPU
		{348CD09E-D912-4FDF-A26B-B4CEA9809CB2}.Debug|x86.Build.0 = Debug|Any CPU
		{348CD09E-D912-4FDF-A26B-B4CEA9809CB2}.Release|Any CPU.ActiveCfg = Release|Any CPU
		{348CD09E-D912-4FDF-A26B-B4CEA9809CB2}.Release|Any CPU.Build.0 = Release|Any CPU
		{348CD09E-D912-4FDF-A26B-B4CEA9809CB2}.Release|x86.ActiveCfg = Release|Any CPU
		{348CD09E-D912-4FDF-A26B-B4CEA9809CB2}.Release|x86.Build.0 = Release|Any CPU
	EndGlobalSection
	GlobalSection(SolutionProperties) = preSolution
		HideSolutionNode = FALSE
	EndGlobalSection
	GlobalSection(ExtensibilityGlobals) = postSolution
		SolutionGuid = {251DA2CD-E8B0-497C-85F0-864AF79730B4}
	EndGlobalSection
EndGlobal
