
Microsoft Visual Studio Solution File, Format Version 12.00
# Visual Studio Version 16
VisualStudioVersion = 16.0.30413.136
MinimumVisualStudioVersion = 10.0.40219.1
Project("{9A19103F-16F7-4668-BE54-9A1E7A4F7556}") = "FbonizziMonoGame", "FbonizziMonoGame\FbonizziMonoGame.csproj", "{348CD09E-D912-4FDF-A26B-B4CEA9809CB2}"
EndProject
Global
	GlobalSection(SolutionConfigurationPlatforms) = preSolution
		Debug|Any CPU = Debug|Any CPU
		Debug|x86 = Debug|x86
		Release|Any CPU = Release|Any CPU
		Release|x86 = Release|x86
	EndGlobalSection
	GlobalSection(ProjectConfigurationPlatforms) = postSolution
		{348CD09E-D912-4FDF-A26B-B4CEA9809CB2}.Debug|Any CPU.ActiveCfg = Debug|Any CPU
		{348CD09E-D912-4FDF-A26B-B4CEA9809CB2}.Debug|Any CPU.Build.0 = Debug|Any CPU
		{348CD09E-D912-4FDF-A26B-B4CEA9809CB2}.Debug|x86.ActiveCfg = Debug|Any CPU
		{348CD09E-D912-4FDF-A26B-B4CEA9809CB2}.Debug|x86.Build.0 = Debug|Any CPU
		{348CD09E-D912-4FDF-A26B-B4CEA9809CB2}.Release|Any CPU.ActiveCfg = Release|Any CPU
		{348CD09E-D912-4FDF-A26B-B4CEA9809CB2}.Release|Any CPU.Build.0 = Release|Any CPU
		{348CD09E-D912-4FDF-A26B-B4CEA9809CB2}.Release|x86.ActiveCfg = Release|Any CPU
		{348CD09E-D912-4FDF-A26B-B4CEA9809CB2}.Release|x86.Build.0 = Release|Any CPU
	EndGlobalSection
	GlobalSection(SolutionProperties) = preSolution
		HideSolutionNode = FALSE
	EndGlobalSection
	GlobalSection(ExtensibilityGlobals) = postSolution
		SolutionGuid = {251DA2CD-E8B0-497C-85F0-864AF79730B4}
	EndGlobalSection
EndGlobal
