
Microsoft Visual Studio Solution File, Format Version 12.00
# Visual Studio 15
VisualStudioVersion = 15.0.27004.2005
MinimumVisualStudioVersion = 10.0.40219.1
Project("{FAE04EC0-301F-11D3-BF4B-00C04F79EFBC}") = "FlowsoftGamesAndroid", "FlowsoftGamesAndroid\FlowsoftGamesAndroid.csproj", "{3A15ADF4-7308-49A5-A6E3-115DBFE55A9F}"
EndProject
Project("{2150E333-8FDC-42A3-9474-1A3956D46DE8}") = "Solution Items", "Solution Items", "{D35BF163-A154-4A80-9266-1225E9380E70}"
	ProjectSection(SolutionItems) = preProject
		FlowsoftGamesAndroid.nuspec = FlowsoftGamesAndroid.nuspec
	EndProjectSection
EndProject
Project("{FAE04EC0-301F-11D3-BF4B-00C04F79EFBC}") = "FlowsoftGamesMonogame", "..\FlowsoftGamesMonogame\FlowsoftGamesMonogame\FlowsoftGamesMonogame.csproj", "{348CD09E-D912-4FDF-A26B-B4CEA9809CB2}"
EndProject
Global
	GlobalSection(SolutionConfigurationPlatforms) = preSolution
		Debug|Any CPU = Debug|Any CPU
		Release|Any CPU = Release|Any CPU
	EndGlobalSection
	GlobalSection(ProjectConfigurationPlatforms) = postSolution
		{3A15ADF4-7308-49A5-A6E3-115DBFE55A9F}.Debug|Any CPU.ActiveCfg = Debug|Any CPU
		{3A15ADF4-7308-49A5-A6E3-115DBFE55A9F}.Debug|Any CPU.Build.0 = Debug|Any CPU
		{3A15ADF4-7308-49A5-A6E3-115DBFE55A9F}.Release|Any CPU.ActiveCfg = Release|Any CPU
		{3A15ADF4-7308-49A5-A6E3-115DBFE55A9F}.Release|Any CPU.Build.0 = Release|Any CPU
		{348CD09E-D912-4FDF-A26B-B4CEA9809CB2}.Debug|Any CPU.ActiveCfg = Debug|Any CPU
		{348CD09E-D912-4FDF-A26B-B4CEA9809CB2}.Debug|Any CPU.Build.0 = Debug|Any CPU
		{348CD09E-D912-4FDF-A26B-B4CEA9809CB2}.Release|Any CPU.ActiveCfg = Release|Any CPU
		{348CD09E-D912-4FDF-A26B-B4CEA9809CB2}.Release|Any CPU.Build.0 = Release|Any CPU
	EndGlobalSection
	GlobalSection(SolutionProperties) = preSolution
		HideSolutionNode = FALSE
	EndGlobalSection
	GlobalSection(ExtensibilityGlobals) = postSolution
		SolutionGuid = {A4A26D19-E14B-4060-B58A-06FB130EF0CB}
	EndGlobalSection
EndGlobal
