
Microsoft Visual Studio Solution File, Format Version 12.00
# Visual Studio 15
VisualStudioVersion = 15.0.28307.106
MinimumVisualStudioVersion = 10.0.40219.1
Project("{FAE04EC0-301F-11D3-BF4B-00C04F79EFBC}") = "FbonizziMonoGameGallery", "FbonizziMonoGameGallery\FbonizziMonoGameGallery.csproj", "{2C35738D-C746-4E8F-B7E8-2486DBDF9725}"
EndProject
Project("{FAE04EC0-301F-11D3-BF4B-00C04F79EFBC}") = "FbonizziMonoGame", "..\FbonizziMonoGame\FbonizziMonoGame\FbonizziMonoGame.csproj", "{348CD09E-D912-4FDF-A26B-B4CEA9809CB2}"
EndProject
Global
	GlobalSection(SolutionConfigurationPlatforms) = preSolution
		Debug|Any CPU = Debug|Any CPU
		Release|Any CPU = Release|Any CPU
	EndGlobalSection
	GlobalSection(ProjectConfigurationPlatforms) = postSolution
		{2C35738D-C746-4E8F-B7E8-2486DBDF9725}.Debug|Any CPU.ActiveCfg = Debug|Any CPU
		{2C35738D-C746-4E8F-B7E8-2486DBDF9725}.Debug|Any CPU.Build.0 = Debug|Any CPU
		{2C35738D-C746-4E8F-B7E8-2486DBDF9725}.Release|Any CPU.ActiveCfg = Release|Any CPU
		{2C35738D-C746-4E8F-B7E8-2486DBDF9725}.Release|Any CPU.Build.0 = Release|Any CPU
		{348CD09E-D912-4FDF-A26B-B4CEA9809CB2}.Debug|Any CPU.ActiveCfg = Debug|Any CPU
		{348CD09E-D912-4FDF-A26B-B4CEA9809CB2}.Debug|Any CPU.Build.0 = Debug|Any CPU
		{348CD09E-D912-4FDF-A26B-B4CEA9809CB2}.Release|Any CPU.ActiveCfg = Release|Any CPU
		{348CD09E-D912-4FDF-A26B-B4CEA9809CB2}.Release|Any CPU.Build.0 = Release|Any CPU
	EndGlobalSection
	GlobalSection(SolutionProperties) = preSolution
		HideSolutionNode = FALSE
	EndGlobalSection
	GlobalSection(ExtensibilityGlobals) = postSolution
		SolutionGuid = {F668E21C-5F94-4957-AD8D-A2109C76E2DB}
	EndGlobalSection
EndGlobal
